
Microsoft Visual Studio Solution File, Format Version 12.00
# Visual Studio 15
VisualStudioVersion = 15.0.26430.15
MinimumVisualStudioVersion = 10.0.40219.1
Project("{FAE04EC0-301F-11D3-BF4B-00C04F79EFBC}") = "SimpleApp", "SimpleApp\SimpleApp.csproj", "{8DC27809-5C79-421B-8E61-0EA790EF9EDC}"
EndProject
Project("{FAE04EC0-301F-11D3-BF4B-00C04F79EFBC}") = "CH07.BlogReader", "CH07.BlogReader\CH07.BlogReader.csproj", "{0476CB9A-176E-4625-810A-A3C381E2BAB2}"
	ProjectSection(ProjectDependencies) = postProject
		{EEC67928-BC4F-4F68-80E3-67544A2F6239} = {EEC67928-BC4F-4F68-80E3-67544A2F6239}
	EndProjectSection
EndProject
Project("{FAE04EC0-301F-11D3-BF4B-00C04F79EFBC}") = "CH07.CookbookMVVM", "CH07.CookbookMVVM\CH07.CookbookMVVM.csproj", "{EEC67928-BC4F-4F68-80E3-67544A2F6239}"
EndProject
Global
	GlobalSection(SolutionConfigurationPlatforms) = preSolution
		Debug|Any CPU = Debug|Any CPU
		Debug|x86 = Debug|x86
		Release|Any CPU = Release|Any CPU
		Release|x86 = Release|x86
	EndGlobalSection
	GlobalSection(ProjectConfigurationPlatforms) = postSolution
		{8DC27809-5C79-421B-8E61-0EA790EF9EDC}.Debug|Any CPU.ActiveCfg = Debug|Any CPU
		{8DC27809-5C79-421B-8E61-0EA790EF9EDC}.Debug|Any CPU.Build.0 = Debug|Any CPU
		{8DC27809-5C79-421B-8E61-0EA790EF9EDC}.Debug|x86.ActiveCfg = Debug|Any CPU
		{8DC27809-5C79-421B-8E61-0EA790EF9EDC}.Debug|x86.Build.0 = Debug|Any CPU
		{8DC27809-5C79-421B-8E61-0EA790EF9EDC}.Release|Any CPU.ActiveCfg = Release|Any CPU
		{8DC27809-5C79-421B-8E61-0EA790EF9EDC}.Release|Any CPU.Build.0 = Release|Any CPU
		{8DC27809-5C79-421B-8E61-0EA790EF9EDC}.Release|x86.ActiveCfg = Release|Any CPU
		{8DC27809-5C79-421B-8E61-0EA790EF9EDC}.Release|x86.Build.0 = Release|Any CPU
		{0476CB9A-176E-4625-810A-A3C381E2BAB2}.Debug|Any CPU.ActiveCfg = Debug|x86
		{0476CB9A-176E-4625-810A-A3C381E2BAB2}.Debug|Any CPU.Build.0 = Debug|x86
		{0476CB9A-176E-4625-810A-A3C381E2BAB2}.Debug|x86.ActiveCfg = Debug|x86
		{0476CB9A-176E-4625-810A-A3C381E2BAB2}.Debug|x86.Build.0 = Debug|x86
		{0476CB9A-176E-4625-810A-A3C381E2BAB2}.Release|Any CPU.ActiveCfg = Release|x86
		{0476CB9A-176E-4625-810A-A3C381E2BAB2}.Release|x86.ActiveCfg = Release|x86
		{0476CB9A-176E-4625-810A-A3C381E2BAB2}.Release|x86.Build.0 = Release|x86
		{EEC67928-BC4F-4F68-80E3-67544A2F6239}.Debug|Any CPU.ActiveCfg = Debug|Any CPU
		{EEC67928-BC4F-4F68-80E3-67544A2F6239}.Debug|Any CPU.Build.0 = Debug|Any CPU
		{EEC67928-BC4F-4F68-80E3-67544A2F6239}.Debug|x86.ActiveCfg = Debug|Any CPU
		{EEC67928-BC4F-4F68-80E3-67544A2F6239}.Debug|x86.Build.0 = Debug|Any CPU
		{EEC67928-BC4F-4F68-80E3-67544A2F6239}.Release|Any CPU.ActiveCfg = Release|Any CPU
		{EEC67928-BC4F-4F68-80E3-67544A2F6239}.Release|Any CPU.Build.0 = Release|Any CPU
		{EEC67928-BC4F-4F68-80E3-67544A2F6239}.Release|x86.ActiveCfg = Release|Any CPU
		{EEC67928-BC4F-4F68-80E3-67544A2F6239}.Release|x86.Build.0 = Release|Any CPU
	EndGlobalSection
	GlobalSection(SolutionProperties) = preSolution
		HideSolutionNode = FALSE
	EndGlobalSection
EndGlobal
