
Microsoft Visual Studio Solution File, Format Version 12.00
# Visual Studio 15
VisualStudioVersion = 15.0.26430.15
MinimumVisualStudioVersion = 10.0.40219.1
Project("{FAE04EC0-301F-11D3-BF4B-00C04F79EFBC}") = "BeyondInfinityProto", "WpfApp1\BeyondInfinityProto.csproj", "{7E3B7C29-8D12-418B-AF32-3ECC1C808B3D}"
EndProject
Project("{FAE04EC0-301F-11D3-BF4B-00C04F79EFBC}") = "WpfMath", "..\WpfMath\WpfMath.csproj", "{010A34F1-1F3E-4528-99B4-95054DD45729}"
EndProject
Project("{FAE04EC0-301F-11D3-BF4B-00C04F79EFBC}") = "WpfMath.Example", "WpfMath.Example\WpfMath.Example.csproj", "{FB56A927-25E4-4EC9-BA36-3A843C606B34}"
EndProject
Project("{FAE04EC0-301F-11D3-BF4B-00C04F79EFBC}") = "BeyondInfinity", "BeyondInfinity\BeyondInfinity.csproj", "{2ADFEAE1-E476-45D0-BDD5-50180A1089B7}"
EndProject
Project("{8BC9CEB8-8B4A-11D0-8D11-00A0C91BC942}") = "FinalProject", "..\..\..\..\Dropbox\Lannen Home Documents\Visual Studio Projects\FinalProject\FinalProject\FinalProject\FinalProject.vcxproj", "{6D893E66-9013-4A1A-AA13-BEB19535286E}"
EndProject
Global
	GlobalSection(SolutionConfigurationPlatforms) = preSolution
		Debug|Any CPU = Debug|Any CPU
		Debug|x64 = Debug|x64
		Debug|x86 = Debug|x86
		Release|Any CPU = Release|Any CPU
		Release|x64 = Release|x64
		Release|x86 = Release|x86
	EndGlobalSection
	GlobalSection(ProjectConfigurationPlatforms) = postSolution
		{7E3B7C29-8D12-418B-AF32-3ECC1C808B3D}.Debug|Any CPU.ActiveCfg = Debug|Any CPU
		{7E3B7C29-8D12-418B-AF32-3ECC1C808B3D}.Debug|Any CPU.Build.0 = Debug|Any CPU
		{7E3B7C29-8D12-418B-AF32-3ECC1C808B3D}.Debug|x64.ActiveCfg = Debug|Any CPU
		{7E3B7C29-8D12-418B-AF32-3ECC1C808B3D}.Debug|x64.Build.0 = Debug|Any CPU
		{7E3B7C29-8D12-418B-AF32-3ECC1C808B3D}.Debug|x86.ActiveCfg = Debug|Any CPU
		{7E3B7C29-8D12-418B-AF32-3ECC1C808B3D}.Debug|x86.Build.0 = Debug|Any CPU
		{7E3B7C29-8D12-418B-AF32-3ECC1C808B3D}.Release|Any CPU.ActiveCfg = Release|Any CPU
		{7E3B7C29-8D12-418B-AF32-3ECC1C808B3D}.Release|Any CPU.Build.0 = Release|Any CPU
		{7E3B7C29-8D12-418B-AF32-3ECC1C808B3D}.Release|x64.ActiveCfg = Release|Any CPU
		{7E3B7C29-8D12-418B-AF32-3ECC1C808B3D}.Release|x64.Build.0 = Release|Any CPU
		{7E3B7C29-8D12-418B-AF32-3ECC1C808B3D}.Release|x86.ActiveCfg = Release|Any CPU
		{7E3B7C29-8D12-418B-AF32-3ECC1C808B3D}.Release|x86.Build.0 = Release|Any CPU
		{010A34F1-1F3E-4528-99B4-95054DD45729}.Debug|Any CPU.ActiveCfg = Debug|Any CPU
		{010A34F1-1F3E-4528-99B4-95054DD45729}.Debug|Any CPU.Build.0 = Debug|Any CPU
		{010A34F1-1F3E-4528-99B4-95054DD45729}.Debug|x64.ActiveCfg = Debug|Any CPU
		{010A34F1-1F3E-4528-99B4-95054DD45729}.Debug|x64.Build.0 = Debug|Any CPU
		{010A34F1-1F3E-4528-99B4-95054DD45729}.Debug|x86.ActiveCfg = Debug|Any CPU
		{010A34F1-1F3E-4528-99B4-95054DD45729}.Debug|x86.Build.0 = Debug|Any CPU
		{010A34F1-1F3E-4528-99B4-95054DD45729}.Release|Any CPU.ActiveCfg = Release|Any CPU
		{010A34F1-1F3E-4528-99B4-95054DD45729}.Release|Any CPU.Build.0 = Release|Any CPU
		{010A34F1-1F3E-4528-99B4-95054DD45729}.Release|x64.ActiveCfg = Release|Any CPU
		{010A34F1-1F3E-4528-99B4-95054DD45729}.Release|x64.Build.0 = Release|Any CPU
		{010A34F1-1F3E-4528-99B4-95054DD45729}.Release|x86.ActiveCfg = Release|Any CPU
		{010A34F1-1F3E-4528-99B4-95054DD45729}.Release|x86.Build.0 = Release|Any CPU
		{FB56A927-25E4-4EC9-BA36-3A843C606B34}.Debug|Any CPU.ActiveCfg = Debug|Any CPU
		{FB56A927-25E4-4EC9-BA36-3A843C606B34}.Debug|Any CPU.Build.0 = Debug|Any CPU
		{FB56A927-25E4-4EC9-BA36-3A843C606B34}.Debug|x64.ActiveCfg = Debug|Any CPU
		{FB56A927-25E4-4EC9-BA36-3A843C606B34}.Debug|x64.Build.0 = Debug|Any CPU
		{FB56A927-25E4-4EC9-BA36-3A843C606B34}.Debug|x86.ActiveCfg = Debug|Any CPU
		{FB56A927-25E4-4EC9-BA36-3A843C606B34}.Debug|x86.Build.0 = Debug|Any CPU
		{FB56A927-25E4-4EC9-BA36-3A843C606B34}.Release|Any CPU.ActiveCfg = Release|Any CPU
		{FB56A927-25E4-4EC9-BA36-3A843C606B34}.Release|Any CPU.Build.0 = Release|Any CPU
		{FB56A927-25E4-4EC9-BA36-3A843C606B34}.Release|x64.ActiveCfg = Release|Any CPU
		{FB56A927-25E4-4EC9-BA36-3A843C606B34}.Release|x64.Build.0 = Release|Any CPU
		{FB56A927-25E4-4EC9-BA36-3A843C606B34}.Release|x86.ActiveCfg = Release|Any CPU
		{FB56A927-25E4-4EC9-BA36-3A843C606B34}.Release|x86.Build.0 = Release|Any CPU
		{2ADFEAE1-E476-45D0-BDD5-50180A1089B7}.Debug|Any CPU.ActiveCfg = Debug|Any CPU
		{2ADFEAE1-E476-45D0-BDD5-50180A1089B7}.Debug|Any CPU.Build.0 = Debug|Any CPU
		{2ADFEAE1-E476-45D0-BDD5-50180A1089B7}.Debug|x64.ActiveCfg = Debug|Any CPU
		{2ADFEAE1-E476-45D0-BDD5-50180A1089B7}.Debug|x64.Build.0 = Debug|Any CPU
		{2ADFEAE1-E476-45D0-BDD5-50180A1089B7}.Debug|x86.ActiveCfg = Debug|Any CPU
		{2ADFEAE1-E476-45D0-BDD5-50180A1089B7}.Debug|x86.Build.0 = Debug|Any CPU
		{2ADFEAE1-E476-45D0-BDD5-50180A1089B7}.Release|Any CPU.ActiveCfg = Release|Any CPU
		{2ADFEAE1-E476-45D0-BDD5-50180A1089B7}.Release|Any CPU.Build.0 = Release|Any CPU
		{2ADFEAE1-E476-45D0-BDD5-50180A1089B7}.Release|x64.ActiveCfg = Release|Any CPU
		{2ADFEAE1-E476-45D0-BDD5-50180A1089B7}.Release|x64.Build.0 = Release|Any CPU
		{2ADFEAE1-E476-45D0-BDD5-50180A1089B7}.Release|x86.ActiveCfg = Release|Any CPU
		{2ADFEAE1-E476-45D0-BDD5-50180A1089B7}.Release|x86.Build.0 = Release|Any CPU
		{6D893E66-9013-4A1A-AA13-BEB19535286E}.Debug|Any CPU.ActiveCfg = Debug|Win32
		{6D893E66-9013-4A1A-AA13-BEB19535286E}.Debug|x64.ActiveCfg = Debug|x64
		{6D893E66-9013-4A1A-AA13-BEB19535286E}.Debug|x64.Build.0 = Debug|x64
		{6D893E66-9013-4A1A-AA13-BEB19535286E}.Debug|x86.ActiveCfg = Debug|Win32
		{6D893E66-9013-4A1A-AA13-BEB19535286E}.Debug|x86.Build.0 = Debug|Win32
		{6D893E66-9013-4A1A-AA13-BEB19535286E}.Release|Any CPU.ActiveCfg = Release|Win32
		{6D893E66-9013-4A1A-AA13-BEB19535286E}.Release|x64.ActiveCfg = Release|x64
		{6D893E66-9013-4A1A-AA13-BEB19535286E}.Release|x64.Build.0 = Release|x64
		{6D893E66-9013-4A1A-AA13-BEB19535286E}.Release|x86.ActiveCfg = Release|Win32
		{6D893E66-9013-4A1A-AA13-BEB19535286E}.Release|x86.Build.0 = Release|Win32
	EndGlobalSection
	GlobalSection(SolutionProperties) = preSolution
		HideSolutionNode = FALSE
	EndGlobalSection
EndGlobal
